
Microsoft Visual Studio Solution File, Format Version 12.00
# Visual Studio Version 17
VisualStudioVersion = 17.8.34330.188
MinimumVisualStudioVersion = 10.0.40219.1
Project("{9A19103F-16F7-4668-BE54-9A1E7A4F7556}") = "TodoApp", "TodoApp\TodoApp.csproj", "{C32A4EC4-8EA6-4524-849E-1CB1FC849913}"
EndProject
Project("{FAE04EC0-301F-11D3-BF4B-00C04F79EFBC}") = "MAUIdemo", "MAUIdemo\MAUIdemo.csproj", "{A1B9107B-C2EE-475A-858E-902A68CC590B}"
EndProject
Global
	GlobalSection(SolutionConfigurationPlatforms) = preSolution
		Debug|Any CPU = Debug|Any CPU
		Release|Any CPU = Release|Any CPU
	EndGlobalSection
	GlobalSection(ProjectConfigurationPlatforms) = postSolution
		{C32A4EC4-8EA6-4524-849E-1CB1FC849913}.Debug|Any CPU.ActiveCfg = Debug|Any CPU
		{C32A4EC4-8EA6-4524-849E-1CB1FC849913}.Debug|Any CPU.Build.0 = Debug|Any CPU
		{C32A4EC4-8EA6-4524-849E-1CB1FC849913}.Debug|Any CPU.Deploy.0 = Debug|Any CPU
		{C32A4EC4-8EA6-4524-849E-1CB1FC849913}.Release|Any CPU.ActiveCfg = Release|Any CPU
		{C32A4EC4-8EA6-4524-849E-1CB1FC849913}.Release|Any CPU.Build.0 = Release|Any CPU
		{C32A4EC4-8EA6-4524-849E-1CB1FC849913}.Release|Any CPU.Deploy.0 = Release|Any CPU
		{A1B9107B-C2EE-475A-858E-902A68CC590B}.Debug|Any CPU.ActiveCfg = Debug|Any CPU
		{A1B9107B-C2EE-475A-858E-902A68CC590B}.Debug|Any CPU.Build.0 = Debug|Any CPU
		{A1B9107B-C2EE-475A-858E-902A68CC590B}.Debug|Any CPU.Deploy.0 = Debug|Any CPU
		{A1B9107B-C2EE-475A-858E-902A68CC590B}.Release|Any CPU.ActiveCfg = Release|Any CPU
		{A1B9107B-C2EE-475A-858E-902A68CC590B}.Release|Any CPU.Build.0 = Release|Any CPU
		{A1B9107B-C2EE-475A-858E-902A68CC590B}.Release|Any CPU.Deploy.0 = Release|Any CPU
	EndGlobalSection
	GlobalSection(SolutionProperties) = preSolution
		HideSolutionNode = FALSE
	EndGlobalSection
	GlobalSection(ExtensibilityGlobals) = postSolution
		SolutionGuid = {CEF14E9F-BF6B-4E12-AA20-988E3391DB8B}
	EndGlobalSection
EndGlobal
